// !$*UTF8*$!
{
	archiveVersion = 1;
	classes = {
	};
	objectVersion = 46;
	objects = {

/* Begin PBXBuildFile section */
		2127D0A684EA21803F73DA72 /* Pods_Project2.framework in Frameworks */ = {isa = PBXBuildFile; fileRef = CB85C44E01A7365773D262B6 /* Pods_Project2.framework */; };
		9E8387D41E3F5E5C00BC5F6B /* DayForescast.swift in Sources */ = {isa = PBXBuildFile; fileRef = 9E8387D31E3F5E5C00BC5F6B /* DayForescast.swift */; };
		9E8527B51E3684F800F6FE0B /* AppDelegate.swift in Sources */ = {isa = PBXBuildFile; fileRef = 9E8527B41E3684F800F6FE0B /* AppDelegate.swift */; };
		9E8527BA1E3684F800F6FE0B /* Main.storyboard in Resources */ = {isa = PBXBuildFile; fileRef = 9E8527B81E3684F800F6FE0B /* Main.storyboard */; };
		9E8527BC1E3684F800F6FE0B /* Assets.xcassets in Resources */ = {isa = PBXBuildFile; fileRef = 9E8527BB1E3684F800F6FE0B /* Assets.xcassets */; };
		9E8527BF1E3684F800F6FE0B /* LaunchScreen.storyboard in Resources */ = {isa = PBXBuildFile; fileRef = 9E8527BD1E3684F800F6FE0B /* LaunchScreen.storyboard */; };
		9ECDF26E1E3A465F00BCEF87 /* HomeTableViewController.swift in Sources */ = {isa = PBXBuildFile; fileRef = 9ECDF26D1E3A465F00BCEF87 /* HomeTableViewController.swift */; };
		9ECDF2701E3A467700BCEF87 /* SettingsTableViewController.swift in Sources */ = {isa = PBXBuildFile; fileRef = 9ECDF26F1E3A467700BCEF87 /* SettingsTableViewController.swift */; };
		9ECDF2791E3A874E00BCEF87 /* Zeplin.swift in Sources */ = {isa = PBXBuildFile; fileRef = 9ECDF2781E3A874E00BCEF87 /* Zeplin.swift */; };
		9ECDF27D1E3BBBEA00BCEF87 /* WeekDayTableViewCell.swift in Sources */ = {isa = PBXBuildFile; fileRef = 9ECDF27C1E3BBBEA00BCEF87 /* WeekDayTableViewCell.swift */; };
/* End PBXBuildFile section */

/* Begin PBXFileReference section */
		9E8387D31E3F5E5C00BC5F6B /* DayForescast.swift */ = {isa = PBXFileReference; fileEncoding = 4; lastKnownFileType = sourcecode.swift; name = DayForescast.swift; path = ../DayForescast.swift; sourceTree = "<group>"; };
		9E8527B11E3684F800F6FE0B /* Project2.app */ = {isa = PBXFileReference; explicitFileType = wrapper.application; includeInIndex = 0; path = Project2.app; sourceTree = BUILT_PRODUCTS_DIR; };
		9E8527B41E3684F800F6FE0B /* AppDelegate.swift */ = {isa = PBXFileReference; lastKnownFileType = sourcecode.swift; path = AppDelegate.swift; sourceTree = "<group>"; };
		9E8527B91E3684F800F6FE0B /* Base */ = {isa = PBXFileReference; lastKnownFileType = file.storyboard; name = Base; path = Base.lproj/Main.storyboard; sourceTree = "<group>"; };
		9E8527BB1E3684F800F6FE0B /* Assets.xcassets */ = {isa = PBXFileReference; lastKnownFileType = folder.assetcatalog; path = Assets.xcassets; sourceTree = "<group>"; };
		9E8527BE1E3684F800F6FE0B /* Base */ = {isa = PBXFileReference; lastKnownFileType = file.storyboard; name = Base; path = Base.lproj/LaunchScreen.storyboard; sourceTree = "<group>"; };
		9E8527C01E3684F800F6FE0B /* Info.plist */ = {isa = PBXFileReference; lastKnownFileType = text.plist.xml; path = Info.plist; sourceTree = "<group>"; };
		9ECDF26D1E3A465F00BCEF87 /* HomeTableViewController.swift */ = {isa = PBXFileReference; fileEncoding = 4; lastKnownFileType = sourcecode.swift; path = HomeTableViewController.swift; sourceTree = "<group>"; };
		9ECDF26F1E3A467700BCEF87 /* SettingsTableViewController.swift */ = {isa = PBXFileReference; fileEncoding = 4; lastKnownFileType = sourcecode.swift; path = SettingsTableViewController.swift; sourceTree = "<group>"; };
		9ECDF2781E3A874E00BCEF87 /* Zeplin.swift */ = {isa = PBXFileReference; fileEncoding = 4; lastKnownFileType = sourcecode.swift; path = Zeplin.swift; sourceTree = "<group>"; };
		9ECDF27C1E3BBBEA00BCEF87 /* WeekDayTableViewCell.swift */ = {isa = PBXFileReference; fileEncoding = 4; lastKnownFileType = sourcecode.swift; path = WeekDayTableViewCell.swift; sourceTree = "<group>"; };
		A0BD376CF00FBF7D08E7B60F /* Pods-Project2.release.xcconfig */ = {isa = PBXFileReference; includeInIndex = 1; lastKnownFileType = text.xcconfig; name = "Pods-Project2.release.xcconfig"; path = "Pods/Target Support Files/Pods-Project2/Pods-Project2.release.xcconfig"; sourceTree = "<group>"; };
		BB0A52321D9D12C3D0A6E435 /* Pods-Project2.debug.xcconfig */ = {isa = PBXFileReference; includeInIndex = 1; lastKnownFileType = text.xcconfig; name = "Pods-Project2.debug.xcconfig"; path = "Pods/Target Support Files/Pods-Project2/Pods-Project2.debug.xcconfig"; sourceTree = "<group>"; };
		CB85C44E01A7365773D262B6 /* Pods_Project2.framework */ = {isa = PBXFileReference; explicitFileType = wrapper.framework; includeInIndex = 0; path = Pods_Project2.framework; sourceTree = BUILT_PRODUCTS_DIR; };
/* End PBXFileReference section */

/* Begin PBXFrameworksBuildPhase section */
		9E8527AE1E3684F800F6FE0B /* Frameworks */ = {
			isa = PBXFrameworksBuildPhase;
			buildActionMask = 2147483647;
			files = (
				2127D0A684EA21803F73DA72 /* Pods_Project2.framework in Frameworks */,
			);
			runOnlyForDeploymentPostprocessing = 0;
		};
/* End PBXFrameworksBuildPhase section */

/* Begin PBXGroup section */
		82082EE82DA96E9C68263137 /* Pods */ = {
			isa = PBXGroup;
			children = (
				BB0A52321D9D12C3D0A6E435 /* Pods-Project2.debug.xcconfig */,
				A0BD376CF00FBF7D08E7B60F /* Pods-Project2.release.xcconfig */,
			);
			name = Pods;
			sourceTree = "<group>";
		};
		9E8527A81E3684F800F6FE0B = {
			isa = PBXGroup;
			children = (
				9E8527B31E3684F800F6FE0B /* Project2 */,
				9E8527B21E3684F800F6FE0B /* Products */,
				82082EE82DA96E9C68263137 /* Pods */,
				EEA46938DE0F338796F01247 /* Frameworks */,
			);
			sourceTree = "<group>";
		};
		9E8527B21E3684F800F6FE0B /* Products */ = {
			isa = PBXGroup;
			children = (
				9E8527B11E3684F800F6FE0B /* Project2.app */,
			);
			name = Products;
			sourceTree = "<group>";
		};
		9E8527B31E3684F800F6FE0B /* Project2 */ = {
			isa = PBXGroup;
			children = (
				9ECDF2771E3A873600BCEF87 /* Helpers */,
				9E8527C61E36855700F6FE0B /* Support Files */,
				9E8527B81E3684F800F6FE0B /* Main.storyboard */,
				9ECDF27C1E3BBBEA00BCEF87 /* WeekDayTableViewCell.swift */,
				9ECDF26F1E3A467700BCEF87 /* SettingsTableViewController.swift */,
				9ECDF26D1E3A465F00BCEF87 /* HomeTableViewController.swift */,
				9E8387D31E3F5E5C00BC5F6B /* DayForescast.swift */,
			);
			path = Project2;
			sourceTree = "<group>";
		};
		9E8527C61E36855700F6FE0B /* Support Files */ = {
			isa = PBXGroup;
			children = (
				9E8527B41E3684F800F6FE0B /* AppDelegate.swift */,
				9E8527BB1E3684F800F6FE0B /* Assets.xcassets */,
				9E8527BD1E3684F800F6FE0B /* LaunchScreen.storyboard */,
				9E8527C01E3684F800F6FE0B /* Info.plist */,
			);
			name = "Support Files";
			sourceTree = "<group>";
		};
		9ECDF2771E3A873600BCEF87 /* Helpers */ = {
			isa = PBXGroup;
			children = (
				9ECDF2781E3A874E00BCEF87 /* Zeplin.swift */,
			);
			name = Helpers;
			sourceTree = "<group>";
		};
		EEA46938DE0F338796F01247 /* Frameworks */ = {
			isa = PBXGroup;
			children = (
				CB85C44E01A7365773D262B6 /* Pods_Project2.framework */,
			);
			name = Frameworks;
			sourceTree = "<group>";
		};
/* End PBXGroup section */

/* Begin PBXNativeTarget section */
		9E8527B01E3684F800F6FE0B /* Project2 */ = {
			isa = PBXNativeTarget;
			buildConfigurationList = 9E8527C31E3684F800F6FE0B /* Build configuration list for PBXNativeTarget "Project2" */;
			buildPhases = (
				96996A4DD554C4F1E449B310 /* [CP] Check Pods Manifest.lock */,
				9E8527AD1E3684F800F6FE0B /* Sources */,
				9E8527AE1E3684F800F6FE0B /* Frameworks */,
				9E8527AF1E3684F800F6FE0B /* Resources */,
				F9507333BB1EB0583B6FA99C /* [CP] Embed Pods Frameworks */,
				18480F53AFA00C03012FC23A /* [CP] Copy Pods Resources */,
			);
			buildRules = (
			);
			dependencies = (
			);
			name = Project2;
			productName = Project2;
			productReference = 9E8527B11E3684F800F6FE0B /* Project2.app */;
			productType = "com.apple.product-type.application";
		};
/* End PBXNativeTarget section */

/* Begin PBXProject section */
		9E8527A91E3684F800F6FE0B /* Project object */ = {
			isa = PBXProject;
			attributes = {
				LastSwiftUpdateCheck = 0820;
				LastUpgradeCheck = 0820;
				ORGANIZATIONNAME = KFernandez;
				TargetAttributes = {
					9E8527B01E3684F800F6FE0B = {
						CreatedOnToolsVersion = 8.2.1;
						DevelopmentTeam = 7864CWUB98;
						ProvisioningStyle = Automatic;
					};
				};
			};
			buildConfigurationList = 9E8527AC1E3684F800F6FE0B /* Build configuration list for PBXProject "Project2" */;
			compatibilityVersion = "Xcode 3.2";
			developmentRegion = English;
			hasScannedForEncodings = 0;
			knownRegions = (
				en,
				Base,
			);
			mainGroup = 9E8527A81E3684F800F6FE0B;
			productRefGroup = 9E8527B21E3684F800F6FE0B /* Products */;
			projectDirPath = "";
			projectRoot = "";
			targets = (
				9E8527B01E3684F800F6FE0B /* Project2 */,
			);
		};
/* End PBXProject section */

/* Begin PBXResourcesBuildPhase section */
		9E8527AF1E3684F800F6FE0B /* Resources */ = {
			isa = PBXResourcesBuildPhase;
			buildActionMask = 2147483647;
			files = (
				9E8527BF1E3684F800F6FE0B /* LaunchScreen.storyboard in Resources */,
				9E8527BC1E3684F800F6FE0B /* Assets.xcassets in Resources */,
				9E8527BA1E3684F800F6FE0B /* Main.storyboard in Resources */,
			);
			runOnlyForDeploymentPostprocessing = 0;
		};
/* End PBXResourcesBuildPhase section */

/* Begin PBXShellScriptBuildPhase section */
		18480F53AFA00C03012FC23A /* [CP] Copy Pods Resources */ = {
			isa = PBXShellScriptBuildPhase;
			buildActionMask = 2147483647;
			files = (
			);
			inputPaths = (
			);
			name = "[CP] Copy Pods Resources";
			outputPaths = (
			);
			runOnlyForDeploymentPostprocessing = 0;
			shellPath = /bin/sh;
			shellScript = "\"${SRCROOT}/Pods/Target Support Files/Pods-Project2/Pods-Project2-resources.sh\"\n";
			showEnvVarsInLog = 0;
		};
		96996A4DD554C4F1E449B310 /* [CP] Check Pods Manifest.lock */ = {
			isa = PBXShellScriptBuildPhase;
			buildActionMask = 2147483647;
			files = (
			);
			inputPaths = (
			);
			name = "[CP] Check Pods Manifest.lock";
			outputPaths = (
			);
			runOnlyForDeploymentPostprocessing = 0;
			shellPath = /bin/sh;
			shellScript = "diff \"${PODS_ROOT}/../Podfile.lock\" \"${PODS_ROOT}/Manifest.lock\" > /dev/null\nif [ $? != 0 ] ; then\n    # print error to STDERR\n    echo \"error: The sandbox is not in sync with the Podfile.lock. Run 'pod install' or update your CocoaPods installation.\" >&2\n    exit 1\nfi\n";
			showEnvVarsInLog = 0;
		};
		F9507333BB1EB0583B6FA99C /* [CP] Embed Pods Frameworks */ = {
			isa = PBXShellScriptBuildPhase;
			buildActionMask = 2147483647;
			files = (
			);
			inputPaths = (
			);
			name = "[CP] Embed Pods Frameworks";
			outputPaths = (
			);
			runOnlyForDeploymentPostprocessing = 0;
			shellPath = /bin/sh;
			shellScript = "\"${SRCROOT}/Pods/Target Support Files/Pods-Project2/Pods-Project2-frameworks.sh\"\n";
			showEnvVarsInLog = 0;
		};
/* End PBXShellScriptBuildPhase section */

/* Begin PBXSourcesBuildPhase section */
		9E8527AD1E3684F800F6FE0B /* Sources */ = {
			isa = PBXSourcesBuildPhase;
			buildActionMask = 2147483647;
			files = (
				9ECDF26E1E3A465F00BCEF87 /* HomeTableViewController.swift in Sources */,
				9ECDF2791E3A874E00BCEF87 /* Zeplin.swift in Sources */,
				9ECDF27D1E3BBBEA00BCEF87 /* WeekDayTableViewCell.swift in Sources */,
				9E8387D41E3F5E5C00BC5F6B /* DayForescast.swift in Sources */,
				9E8527B51E3684F800F6FE0B /* AppDelegate.swift in Sources */,
				9ECDF2701E3A467700BCEF87 /* SettingsTableViewController.swift in Sources */,
			);
			runOnlyForDeploymentPostprocessing = 0;
		};
/* End PBXSourcesBuildPhase section */

/* Begin PBXVariantGroup section */
		9E8527B81E3684F800F6FE0B /* Main.storyboard */ = {
			isa = PBXVariantGroup;
			children = (
				9E8527B91E3684F800F6FE0B /* Base */,
			);
			name = Main.storyboard;
			sourceTree = "<group>";
		};
		9E8527BD1E3684F800F6FE0B /* LaunchScreen.storyboard */ = {
			isa = PBXVariantGroup;
			children = (
				9E8527BE1E3684F800F6FE0B /* Base */,
			);
			name = LaunchScreen.storyboard;
			sourceTree = "<group>";
		};
/* End PBXVariantGroup section */

/* Begin XCBuildConfiguration section */
		9E8527C11E3684F800F6FE0B /* Debug */ = {
			isa = XCBuildConfiguration;
			buildSettings = {
				ALWAYS_SEARCH_USER_PATHS = NO;
				CLANG_ANALYZER_NONNULL = YES;
				CLANG_CXX_LANGUAGE_STANDARD = "gnu++0x";
				CLANG_CXX_LIBRARY = "libc++";
				CLANG_ENABLE_MODULES = YES;
				CLANG_ENABLE_OBJC_ARC = YES;
				CLANG_WARN_BOOL_CONVERSION = YES;
				CLANG_WARN_CONSTANT_CONVERSION = YES;
				CLANG_WARN_DIRECT_OBJC_ISA_USAGE = YES_ERROR;
				CLANG_WARN_DOCUMENTATION_COMMENTS = YES;
				CLANG_WARN_EMPTY_BODY = YES;
				CLANG_WARN_ENUM_CONVERSION = YES;
				CLANG_WARN_INFINITE_RECURSION = YES;
				CLANG_WARN_INT_CONVERSION = YES;
				CLANG_WARN_OBJC_ROOT_CLASS = YES_ERROR;
				CLANG_WARN_SUSPICIOUS_MOVE = YES;
				CLANG_WARN_UNREACHABLE_CODE = YES;
				CLANG_WARN__DUPLICATE_METHOD_MATCH = YES;
				"CODE_SIGN_IDENTITY[sdk=iphoneos*]" = "iPhone Developer";
				COPY_PHASE_STRIP = NO;
				DEBUG_INFORMATION_FORMAT = dwarf;
				ENABLE_STRICT_OBJC_MSGSEND = YES;
				ENABLE_TESTABILITY = YES;
				GCC_C_LANGUAGE_STANDARD = gnu99;
				GCC_DYNAMIC_NO_PIC = NO;
				GCC_NO_COMMON_BLOCKS = YES;
				GCC_OPTIMIZATION_LEVEL = 0;
				GCC_PREPROCESSOR_DEFINITIONS = (
					"DEBUG=1",
					"$(inherited)",
				);
				GCC_WARN_64_TO_32_BIT_CONVERSION = YES;
				GCC_WARN_ABOUT_RETURN_TYPE = YES_ERROR;
				GCC_WARN_UNDECLARED_SELECTOR = YES;
				GCC_WARN_UNINITIALIZED_AUTOS = YES_AGGRESSIVE;
				GCC_WARN_UNUSED_FUNCTION = YES;
				GCC_WARN_UNUSED_VARIABLE = YES;
				IPHONEOS_DEPLOYMENT_TARGET = 10.2;
				MTL_ENABLE_DEBUG_INFO = YES;
				ONLY_ACTIVE_ARCH = YES;
				SDKROOT = iphoneos;
				SWIFT_ACTIVE_COMPILATION_CONDITIONS = DEBUG;
				SWIFT_OPTIMIZATION_LEVEL = "-Onone";
				TARGETED_DEVICE_FAMILY = "1,2";
			};
			name = Debug;
		};
		9E8527C21E3684F800F6FE0B /* Release */ = {
			isa = XCBuildConfiguration;
			buildSettings = {
				ALWAYS_SEARCH_USER_PATHS = NO;
				CLANG_ANALYZER_NONNULL = YES;
				CLANG_CXX_LANGUAGE_STANDARD = "gnu++0x";
				CLANG_CXX_LIBRARY = "libc++";
				CLANG_ENABLE_MODULES = YES;
				CLANG_ENABLE_OBJC_ARC = YES;
				CLANG_WARN_BOOL_CONVERSION = YES;
				CLANG_WARN_CONSTANT_CONVERSION = YES;
				CLANG_WARN_DIRECT_OBJC_ISA_USAGE = YES_ERROR;
				CLANG_WARN_DOCUMENTATION_COMMENTS = YES;
				CLANG_WARN_EMPTY_BODY = YES;
				CLANG_WARN_ENUM_CONVERSION = YES;
				CLANG_WARN_INFINITE_RECURSION = YES;
				CLANG_WARN_INT_CONVERSION = YES;
				CLANG_WARN_OBJC_ROOT_CLASS = YES_ERROR;
				CLANG_WARN_SUSPICIOUS_MOVE = YES;
				CLANG_WARN_UNREACHABLE_CODE = YES;
				CLANG_WARN__DUPLICATE_METHOD_MATCH = YES;
				"CODE_SIGN_IDENTITY[sdk=iphoneos*]" = "iPhone Developer";
				COPY_PHASE_STRIP = NO;
				DEBUG_INFORMATION_FORMAT = "dwarf-with-dsym";
				ENABLE_NS_ASSERTIONS = NO;
				ENABLE_STRICT_OBJC_MSGSEND = YES;
				GCC_C_LANGUAGE_STANDARD = gnu99;
				GCC_NO_COMMON_BLOCKS = YES;
				GCC_WARN_64_TO_32_BIT_CONVERSION = YES;
				GCC_WARN_ABOUT_RETURN_TYPE = YES_ERROR;
				GCC_WARN_UNDECLARED_SELECTOR = YES;
				GCC_WARN_UNINITIALIZED_AUTOS = YES_AGGRESSIVE;
				GCC_WARN_UNUSED_FUNCTION = YES;
				GCC_WARN_UNUSED_VARIABLE = YES;
				IPHONEOS_DEPLOYMENT_TARGET = 10.2;
				MTL_ENABLE_DEBUG_INFO = NO;
				SDKROOT = iphoneos;
				SWIFT_OPTIMIZATION_LEVEL = "-Owholemodule";
				TARGETED_DEVICE_FAMILY = "1,2";
				VALIDATE_PRODUCT = YES;
			};
			name = Release;
		};
		9E8527C41E3684F800F6FE0B /* Debug */ = {
			isa = XCBuildConfiguration;
			baseConfigurationReference = BB0A52321D9D12C3D0A6E435 /* Pods-Project2.debug.xcconfig */;
			buildSettings = {
				ASSETCATALOG_COMPILER_APPICON_NAME = AppIcon;
				DEVELOPMENT_TEAM = 7864CWUB98;
				INFOPLIST_FILE = Project2/Info.plist;
				LD_RUNPATH_SEARCH_PATHS = "$(inherited) @executable_path/Frameworks";
				PRODUCT_BUNDLE_IDENTIFIER = karina.Project2;
				PRODUCT_NAME = "$(TARGET_NAME)";
				SWIFT_VERSION = 3.0;
			};
			name = Debug;
		};
		9E8527C51E3684F800F6FE0B /* Release */ = {
			isa = XCBuildConfiguration;
			baseConfigurationReference = A0BD376CF00FBF7D08E7B60F /* Pods-Project2.release.xcconfig */;
			buildSettings = {
				ASSETCATALOG_COMPILER_APPICON_NAME = AppIcon;
				DEVELOPMENT_TEAM = 7864CWUB98;
				INFOPLIST_FILE = Project2/Info.plist;
				LD_RUNPATH_SEARCH_PATHS = "$(inherited) @executable_path/Frameworks";
				PRODUCT_BUNDLE_IDENTIFIER = karina.Project2;
				PRODUCT_NAME = "$(TARGET_NAME)";
				SWIFT_VERSION = 3.0;
			};
			name = Release;
		};
/* End XCBuildConfiguration section */

/* Begin XCConfigurationList section */
		9E8527AC1E3684F800F6FE0B /* Build configuration list for PBXProject "Project2" */ = {
			isa = XCConfigurationList;
			buildConfigurations = (
				9E8527C11E3684F800F6FE0B /* Debug */,
				9E8527C21E3684F800F6FE0B /* Release */,
			);
			defaultConfigurationIsVisible = 0;
			defaultConfigurationName = Release;
		};
		9E8527C31E3684F800F6FE0B /* Build configuration list for PBXNativeTarget "Project2" */ = {
			isa = XCConfigurationList;
			buildConfigurations = (
				9E8527C41E3684F800F6FE0B /* Debug */,
				9E8527C51E3684F800F6FE0B /* Release */,
			);
			defaultConfigurationIsVisible = 0;
			defaultConfigurationName = Release;
		};
/* End XCConfigurationList section */
	};
	rootObject = 9E8527A91E3684F800F6FE0B /* Project object */;
}
